
Microsoft Visual Studio Solution File, Format Version 12.00
# Visual Studio Version 17
VisualStudioVersion = 17.5.33414.496
MinimumVisualStudioVersion = 10.0.40219.1
Project("{FAE04EC0-301F-11D3-BF4B-00C04F79EFBC}") = "Entities", "Entities\Entities.csproj", "{FAE3127A-6EE5-4D71-BB0D-77EDB10F4315}"
EndProject
Project("{FAE04EC0-301F-11D3-BF4B-00C04F79EFBC}") = "DataLayer", "DataLayer\DataLayer.csproj", "{762010D2-A9B6-42C1-83F8-2BEC8A2B3F71}"
EndProject
Project("{FAE04EC0-301F-11D3-BF4B-00C04F79EFBC}") = "WebWuı", "WebWuı\WebWuı.csproj", "{8D877AD9-8728-4DF1-A5DE-DC99E6A88147}"
EndProject
Global
	GlobalSection(SolutionConfigurationPlatforms) = preSolution
		Debug|Any CPU = Debug|Any CPU
		Release|Any CPU = Release|Any CPU
	EndGlobalSection
	GlobalSection(ProjectConfigurationPlatforms) = postSolution
		{FAE3127A-6EE5-4D71-BB0D-77EDB10F4315}.Debug|Any CPU.ActiveCfg = Debug|Any CPU
		{FAE3127A-6EE5-4D71-BB0D-77EDB10F4315}.Debug|Any CPU.Build.0 = Debug|Any CPU
		{FAE3127A-6EE5-4D71-BB0D-77EDB10F4315}.Release|Any CPU.ActiveCfg = Release|Any CPU
		{FAE3127A-6EE5-4D71-BB0D-77EDB10F4315}.Release|Any CPU.Build.0 = Release|Any CPU
		{762010D2-A9B6-42C1-83F8-2BEC8A2B3F71}.Debug|Any CPU.ActiveCfg = Debug|Any CPU
		{762010D2-A9B6-42C1-83F8-2BEC8A2B3F71}.Debug|Any CPU.Build.0 = Debug|Any CPU
		{762010D2-A9B6-42C1-83F8-2BEC8A2B3F71}.Release|Any CPU.ActiveCfg = Release|Any CPU
		{762010D2-A9B6-42C1-83F8-2BEC8A2B3F71}.Release|Any CPU.Build.0 = Release|Any CPU
		{8D877AD9-8728-4DF1-A5DE-DC99E6A88147}.Debug|Any CPU.ActiveCfg = Debug|Any CPU
		{8D877AD9-8728-4DF1-A5DE-DC99E6A88147}.Debug|Any CPU.Build.0 = Debug|Any CPU
		{8D877AD9-8728-4DF1-A5DE-DC99E6A88147}.Release|Any CPU.ActiveCfg = Release|Any CPU
		{8D877AD9-8728-4DF1-A5DE-DC99E6A88147}.Release|Any CPU.Build.0 = Release|Any CPU
	EndGlobalSection
	GlobalSection(SolutionProperties) = preSolution
		HideSolutionNode = FALSE
	EndGlobalSection
	GlobalSection(ExtensibilityGlobals) = postSolution
		SolutionGuid = {A06DB03B-F734-4E45-9A55-E2DBBE184590}
	EndGlobalSection
EndGlobal
